
Microsoft Visual Studio Solution File, Format Version 12.00
# Visual Studio Version 17
VisualStudioVersion = 17.11.35312.102
MinimumVisualStudioVersion = 10.0.40219.1
Project("{FAE04EC0-301F-11D3-BF4B-00C04F79EFBC}") = "FunctionDemo", "FunctionDemo\FunctionDemo.csproj", "{5F0ED7B6-7860-47B3-A43A-094D7D5CEFDC}"
EndProject
Global
	GlobalSection(SolutionConfigurationPlatforms) = preSolution
		Debug|Any CPU = Debug|Any CPU
		Release|Any CPU = Release|Any CPU
	EndGlobalSection
	GlobalSection(ProjectConfigurationPlatforms) = postSolution
		{5F0ED7B6-7860-47B3-A43A-094D7D5CEFDC}.Debug|Any CPU.ActiveCfg = Debug|Any CPU
		{5F0ED7B6-7860-47B3-A43A-094D7D5CEFDC}.Debug|Any CPU.Build.0 = Debug|Any CPU
		{5F0ED7B6-7860-47B3-A43A-094D7D5CEFDC}.Release|Any CPU.ActiveCfg = Release|Any CPU
		{5F0ED7B6-7860-47B3-A43A-094D7D5CEFDC}.Release|Any CPU.Build.0 = Release|Any CPU
	EndGlobalSection
	GlobalSection(SolutionProperties) = preSolution
		HideSolutionNode = FALSE
	EndGlobalSection
	GlobalSection(ExtensibilityGlobals) = postSolution
		SolutionGuid = {2BEFE7A2-AA52-4A06-93BE-892E546BBAC2}
	EndGlobalSection
EndGlobal
